
Microsoft Visual Studio Solution File, Format Version 12.00
# Visual Studio Version 16
VisualStudioVersion = 16.0.29728.190
MinimumVisualStudioVersion = 10.0.40219.1
Project("{FAE04EC0-301F-11D3-BF4B-00C04F79EFBC}") = "ReactReduxUnitTestSandbox", "ReactReduxUnitTestSandbox\ReactReduxUnitTestSandbox.csproj", "{EDD700F1-B162-4540-B26D-D9343257EDE0}"
EndProject
Global
	GlobalSection(SolutionConfigurationPlatforms) = preSolution
		Debug|Any CPU = Debug|Any CPU
		Release|Any CPU = Release|Any CPU
	EndGlobalSection
	GlobalSection(ProjectConfigurationPlatforms) = postSolution
		{EDD700F1-B162-4540-B26D-D9343257EDE0}.Debug|Any CPU.ActiveCfg = Debug|Any CPU
		{EDD700F1-B162-4540-B26D-D9343257EDE0}.Debug|Any CPU.Build.0 = Debug|Any CPU
		{EDD700F1-B162-4540-B26D-D9343257EDE0}.Release|Any CPU.ActiveCfg = Release|Any CPU
		{EDD700F1-B162-4540-B26D-D9343257EDE0}.Release|Any CPU.Build.0 = Release|Any CPU
	EndGlobalSection
	GlobalSection(SolutionProperties) = preSolution
		HideSolutionNode = FALSE
	EndGlobalSection
	GlobalSection(ExtensibilityGlobals) = postSolution
		SolutionGuid = {32251E3C-52FB-4FDA-AE6E-E9B7E83964D6}
	EndGlobalSection
EndGlobal
